
Microsoft Visual Studio Solution File, Format Version 12.00
# Visual Studio Version 17
VisualStudioVersion = 17.9.34728.123
MinimumVisualStudioVersion = 10.0.40219.1
Project("{FAE04EC0-301F-11D3-BF4B-00C04F79EFBC}") = "DangKiNgayLaoDong", "DangKiNgayLaoDong\DangKiNgayLaoDong.csproj", "{51F172E2-DE27-453C-9761-6F15526DF172}"
EndProject
Global
	GlobalSection(SolutionConfigurationPlatforms) = preSolution
		Debug|Any CPU = Debug|Any CPU
		Release|Any CPU = Release|Any CPU
	EndGlobalSection
	GlobalSection(ProjectConfigurationPlatforms) = postSolution
		{51F172E2-DE27-453C-9761-6F15526DF172}.Debug|Any CPU.ActiveCfg = Debug|Any CPU
		{51F172E2-DE27-453C-9761-6F15526DF172}.Debug|Any CPU.Build.0 = Debug|Any CPU
		{51F172E2-DE27-453C-9761-6F15526DF172}.Release|Any CPU.ActiveCfg = Release|Any CPU
		{51F172E2-DE27-453C-9761-6F15526DF172}.Release|Any CPU.Build.0 = Release|Any CPU
	EndGlobalSection
	GlobalSection(SolutionProperties) = preSolution
		HideSolutionNode = FALSE
	EndGlobalSection
	GlobalSection(ExtensibilityGlobals) = postSolution
		SolutionGuid = {6DD6263E-385A-4DFC-9267-CF984185A59A}
	EndGlobalSection
EndGlobal
